// !$*UTF8*$!
{
	archiveVersion = 1;
	classes = {
	};
	objectVersion = 50;
	objects = {

/* Begin PBXBuildFile section */
		09E7B20A6A68D741EA3ECD7C /* libPods-GymApp.a in Frameworks */ = {isa = PBXBuildFile; fileRef = B3C69E0CCD30AD084A042511 /* libPods-GymApp.a */; };
		58A8B9DC273C5CB10022F023 /* ViewCode.swift in Sources */ = {isa = PBXBuildFile; fileRef = 58A8B9DB273C5CB10022F023 /* ViewCode.swift */; };
		58A8B9E0273D85330022F023 /* WalkthroughViewController.swift in Sources */ = {isa = PBXBuildFile; fileRef = 58A8B9DF273D85330022F023 /* WalkthroughViewController.swift */; };
		58A8B9E3273D87960022F023 /* Angles+CGFloat.swift in Sources */ = {isa = PBXBuildFile; fileRef = 58A8B9E2273D87960022F023 /* Angles+CGFloat.swift */; };
		58A8B9EF273D8BB20022F023 /* Open Sans Bold.ttf in Resources */ = {isa = PBXBuildFile; fileRef = 58A8B9E5273D8BB10022F023 /* Open Sans Bold.ttf */; };
		58A8B9F0273D8BB20022F023 /* Open Sans Semibold.ttf in Resources */ = {isa = PBXBuildFile; fileRef = 58A8B9E6273D8BB10022F023 /* Open Sans Semibold.ttf */; };
		58A8B9F1273D8BB20022F023 /* Open Sans Italic.ttf in Resources */ = {isa = PBXBuildFile; fileRef = 58A8B9E7273D8BB20022F023 /* Open Sans Italic.ttf */; };
		58A8B9F2273D8BB20022F023 /* Open Sans Bold Italic.ttf in Resources */ = {isa = PBXBuildFile; fileRef = 58A8B9E8273D8BB20022F023 /* Open Sans Bold Italic.ttf */; };
		58A8B9F3273D8BB20022F023 /* Open Sans Extrabold Italic.ttf in Resources */ = {isa = PBXBuildFile; fileRef = 58A8B9E9273D8BB20022F023 /* Open Sans Extrabold Italic.ttf */; };
		58A8B9F4273D8BB20022F023 /* Open Sans Light Italic.ttf in Resources */ = {isa = PBXBuildFile; fileRef = 58A8B9EA273D8BB20022F023 /* Open Sans Light Italic.ttf */; };
		58A8B9F5273D8BB20022F023 /* Open Sans Light.ttf in Resources */ = {isa = PBXBuildFile; fileRef = 58A8B9EB273D8BB20022F023 /* Open Sans Light.ttf */; };
		58A8B9F6273D8BB20022F023 /* Open Sans.ttf in Resources */ = {isa = PBXBuildFile; fileRef = 58A8B9EC273D8BB20022F023 /* Open Sans.ttf */; };
		58A8B9F7273D8BB20022F023 /* Open Sans Semibold Italic.ttf in Resources */ = {isa = PBXBuildFile; fileRef = 58A8B9ED273D8BB20022F023 /* Open Sans Semibold Italic.ttf */; };
		58A8B9F8273D8BB20022F023 /* Open Sans Extrabold.ttf in Resources */ = {isa = PBXBuildFile; fileRef = 58A8B9EE273D8BB20022F023 /* Open Sans Extrabold.ttf */; };
		58A8B9FA273D8CA00022F023 /* OpenSans+UIFont.swift in Sources */ = {isa = PBXBuildFile; fileRef = 58A8B9F9273D8CA00022F023 /* OpenSans+UIFont.swift */; };
		58A8B9FC273D911A0022F023 /* Animations+UIView.swift in Sources */ = {isa = PBXBuildFile; fileRef = 58A8B9FB273D911A0022F023 /* Animations+UIView.swift */; };
		58A8B9FF273D93090022F023 /* RotatingShape.swift in Sources */ = {isa = PBXBuildFile; fileRef = 58A8B9FE273D93090022F023 /* RotatingShape.swift */; };
		58A8BA02273D97210022F023 /* Page.swift in Sources */ = {isa = PBXBuildFile; fileRef = 58A8BA01273D97210022F023 /* Page.swift */; };
		58A8BA04273D9B6C0022F023 /* Carousel.swift in Sources */ = {isa = PBXBuildFile; fileRef = 58A8BA03273D9B6C0022F023 /* Carousel.swift */; };
		58A8BA06273D9F600022F023 /* NextButton.swift in Sources */ = {isa = PBXBuildFile; fileRef = 58A8BA05273D9F600022F023 /* NextButton.swift */; };
		58A8BA09273DA8920022F023 /* LocationPermissionViewController.swift in Sources */ = {isa = PBXBuildFile; fileRef = 58A8BA08273DA8920022F023 /* LocationPermissionViewController.swift */; };
		58A8BA0C273DA96E0022F023 /* PrimaryStorage.swift in Sources */ = {isa = PBXBuildFile; fileRef = 58A8BA0B273DA96E0022F023 /* PrimaryStorage.swift */; };
		58A8BA0F273DB2FF0022F023 /* AnimatedShape.swift in Sources */ = {isa = PBXBuildFile; fileRef = 58A8BA0E273DB2FF0022F023 /* AnimatedShape.swift */; };
		58A8BA11273DCB540022F023 /* Branding+UIColors.swift in Sources */ = {isa = PBXBuildFile; fileRef = 58A8BA10273DCB540022F023 /* Branding+UIColors.swift */; };
		58A8BA14273DD0940022F023 /* LoginViewController.swift in Sources */ = {isa = PBXBuildFile; fileRef = 58A8BA13273DD0940022F023 /* LoginViewController.swift */; };
		58A8BA16273DD2D80022F023 /* Alert+UIViewController.swift in Sources */ = {isa = PBXBuildFile; fileRef = 58A8BA15273DD2D80022F023 /* Alert+UIViewController.swift */; };
		58A8BA19273DD7C40022F023 /* Coordinator.swift in Sources */ = {isa = PBXBuildFile; fileRef = 58A8BA18273DD7C40022F023 /* Coordinator.swift */; };
		58A8BA1B273DD7F70022F023 /* ApplicationCoordinator.swift in Sources */ = {isa = PBXBuildFile; fileRef = 58A8BA1A273DD7F70022F023 /* ApplicationCoordinator.swift */; };
		58A8BA1E273EF3850022F023 /* TextInput.swift in Sources */ = {isa = PBXBuildFile; fileRef = 58A8BA1D273EF3850022F023 /* TextInput.swift */; };
		58A8BA21273EF88F0022F023 /* Button.swift in Sources */ = {isa = PBXBuildFile; fileRef = 58A8BA20273EF88F0022F023 /* Button.swift */; };
		58A8BA24273F00910022F023 /* LoginState.swift in Sources */ = {isa = PBXBuildFile; fileRef = 58A8BA23273F00910022F023 /* LoginState.swift */; };
		58A8BA26273F010D0022F023 /* User.swift in Sources */ = {isa = PBXBuildFile; fileRef = 58A8BA25273F010D0022F023 /* User.swift */; };
		58A8BA28273F01260022F023 /* Users.swift in Sources */ = {isa = PBXBuildFile; fileRef = 58A8BA27273F01260022F023 /* Users.swift */; };
		58A8BA2A2742BD340022F023 /* Validator.swift in Sources */ = {isa = PBXBuildFile; fileRef = 58A8BA292742BD340022F023 /* Validator.swift */; };
		58A8BA2C2742BFE00022F023 /* LoadingAnimation.json in Resources */ = {isa = PBXBuildFile; fileRef = 58A8BA2B2742BFE00022F023 /* LoadingAnimation.json */; };
		58A8BA2F2742C1000022F023 /* LoadingButton.swift in Sources */ = {isa = PBXBuildFile; fileRef = 58A8BA2E2742C1000022F023 /* LoadingButton.swift */; };
		58A8BA312742CA190022F023 /* ValidatedInput.swift in Sources */ = {isa = PBXBuildFile; fileRef = 58A8BA302742CA190022F023 /* ValidatedInput.swift */; };
		58A8BA332742CB1B0022F023 /* ConstraintHelpers+UIView.swift in Sources */ = {isa = PBXBuildFile; fileRef = 58A8BA322742CB1B0022F023 /* ConstraintHelpers+UIView.swift */; };
		58A8BA362742DC590022F023 /* HomeViewController.swift in Sources */ = {isa = PBXBuildFile; fileRef = 58A8BA352742DC590022F023 /* HomeViewController.swift */; };
		58A8BA3A2742DF570022F023 /* CheckinViewController.swift in Sources */ = {isa = PBXBuildFile; fileRef = 58A8BA392742DF570022F023 /* CheckinViewController.swift */; };
		58A8BA3C2742DF900022F023 /* ExploreViewController.swift in Sources */ = {isa = PBXBuildFile; fileRef = 58A8BA3B2742DF900022F023 /* ExploreViewController.swift */; };
		58A8BA3E2742E39F0022F023 /* TabNavigationCoordinator.swift in Sources */ = {isa = PBXBuildFile; fileRef = 58A8BA3D2742E39F0022F023 /* TabNavigationCoordinator.swift */; };
		58A8BA402742E5540022F023 /* BaseTabBarController.swift in Sources */ = {isa = PBXBuildFile; fileRef = 58A8BA3F2742E5540022F023 /* BaseTabBarController.swift */; };
		58A8BA432742E6F90022F023 /* CheckinCoordinator.swift in Sources */ = {isa = PBXBuildFile; fileRef = 58A8BA422742E6F90022F023 /* CheckinCoordinator.swift */; };
		58A8BA462742E75D0022F023 /* ExploreCoordinator.swift in Sources */ = {isa = PBXBuildFile; fileRef = 58A8BA452742E75D0022F023 /* ExploreCoordinator.swift */; };
		58A8BA492742E7930022F023 /* HomeCoordinator.swift in Sources */ = {isa = PBXBuildFile; fileRef = 58A8BA482742E7930022F023 /* HomeCoordinator.swift */; };
		58A8BA4E2742F2590022F023 /* MenuSectionHeader.swift in Sources */ = {isa = PBXBuildFile; fileRef = 58A8BA4D2742F2590022F023 /* MenuSectionHeader.swift */; };
		58A8BA502742F3C40022F023 /* ReusableView.swift in Sources */ = {isa = PBXBuildFile; fileRef = 58A8BA4F2742F3C40022F023 /* ReusableView.swift */; };
		58A8BA522742F48C0022F023 /* MenuItemCell.swift in Sources */ = {isa = PBXBuildFile; fileRef = 58A8BA512742F48C0022F023 /* MenuItemCell.swift */; };
		58A8BA542742F7690022F023 /* Versions+Bundle.swift in Sources */ = {isa = PBXBuildFile; fileRef = 58A8BA532742F7690022F023 /* Versions+Bundle.swift */; };
		58A8BA5A27431AE70022F023 /* MenuItems.swift in Sources */ = {isa = PBXBuildFile; fileRef = 58A8BA5927431AE70022F023 /* MenuItems.swift */; };
		58A8BA5C27431B9F0022F023 /* ProfileViewController.swift in Sources */ = {isa = PBXBuildFile; fileRef = 58A8BA5B27431B9F0022F023 /* ProfileViewController.swift */; };
		58A8BA6027431E0A0022F023 /* ProfileCoordinator.swift in Sources */ = {isa = PBXBuildFile; fileRef = 58A8BA5F27431E0A0022F023 /* ProfileCoordinator.swift */; };
		58AB9B6E273C4CD8005445F3 /* AppDelegate.swift in Sources */ = {isa = PBXBuildFile; fileRef = 58AB9B6D273C4CD8005445F3 /* AppDelegate.swift */; };
		58AB9B70273C4CD8005445F3 /* SceneDelegate.swift in Sources */ = {isa = PBXBuildFile; fileRef = 58AB9B6F273C4CD8005445F3 /* SceneDelegate.swift */; };
		58AB9B72273C4CD8005445F3 /* LaunchViewController.swift in Sources */ = {isa = PBXBuildFile; fileRef = 58AB9B71273C4CD8005445F3 /* LaunchViewController.swift */; };
		58AB9B77273C4CDC005445F3 /* Assets.xcassets in Resources */ = {isa = PBXBuildFile; fileRef = 58AB9B76273C4CDC005445F3 /* Assets.xcassets */; };
		58AB9B7A273C4CDC005445F3 /* LaunchScreen.storyboard in Resources */ = {isa = PBXBuildFile; fileRef = 58AB9B78273C4CDC005445F3 /* LaunchScreen.storyboard */; };
		58AB9B85273C4CDC005445F3 /* GymAppTests.swift in Sources */ = {isa = PBXBuildFile; fileRef = 58AB9B84273C4CDC005445F3 /* GymAppTests.swift */; };
		58AB9B90273C4CDC005445F3 /* GymAppUITests.swift in Sources */ = {isa = PBXBuildFile; fileRef = 58AB9B8F273C4CDC005445F3 /* GymAppUITests.swift */; };
		58AB9BA0273C5253005445F3 /* LaunchAnimation.json in Resources */ = {isa = PBXBuildFile; fileRef = 58AB9B9F273C5253005445F3 /* LaunchAnimation.json */; };
		70AD053CF64FB889C158AE94 /* libPods-GymAppTests.a in Frameworks */ = {isa = PBXBuildFile; fileRef = B99CA176334544EC76B01E1C /* libPods-GymAppTests.a */; };
		ABAFBE7C9C5649B8C98A4F80 /* libPods-GymApp-GymAppUITests.a in Frameworks */ = {isa = PBXBuildFile; fileRef = 65DCB26B00C0F3B4806346C4 /* libPods-GymApp-GymAppUITests.a */; };
/* End PBXBuildFile section */

/* Begin PBXContainerItemProxy section */
		58AB9B81273C4CDC005445F3 /* PBXContainerItemProxy */ = {
			isa = PBXContainerItemProxy;
			containerPortal = 58AB9B62273C4CD7005445F3 /* Project object */;
			proxyType = 1;
			remoteGlobalIDString = 58AB9B69273C4CD8005445F3;
			remoteInfo = GymApp;
		};
		58AB9B8C273C4CDC005445F3 /* PBXContainerItemProxy */ = {
			isa = PBXContainerItemProxy;
			containerPortal = 58AB9B62273C4CD7005445F3 /* Project object */;
			proxyType = 1;
			remoteGlobalIDString = 58AB9B69273C4CD8005445F3;
			remoteInfo = GymApp;
		};
/* End PBXContainerItemProxy section */

/* Begin PBXFileReference section */
		1707CF22216A8349A15E9996 /* Pods-GymApp-GymAppUITests.debug.xcconfig */ = {isa = PBXFileReference; includeInIndex = 1; lastKnownFileType = text.xcconfig; name = "Pods-GymApp-GymAppUITests.debug.xcconfig"; path = "Target Support Files/Pods-GymApp-GymAppUITests/Pods-GymApp-GymAppUITests.debug.xcconfig"; sourceTree = "<group>"; };
		58A8B9DB273C5CB10022F023 /* ViewCode.swift */ = {isa = PBXFileReference; lastKnownFileType = sourcecode.swift; path = ViewCode.swift; sourceTree = "<group>"; };
		58A8B9DF273D85330022F023 /* WalkthroughViewController.swift */ = {isa = PBXFileReference; lastKnownFileType = sourcecode.swift; path = WalkthroughViewController.swift; sourceTree = "<group>"; };
		58A8B9E2273D87960022F023 /* Angles+CGFloat.swift */ = {isa = PBXFileReference; lastKnownFileType = sourcecode.swift; path = "Angles+CGFloat.swift"; sourceTree = "<group>"; };
		58A8B9E5273D8BB10022F023 /* Open Sans Bold.ttf */ = {isa = PBXFileReference; lastKnownFileType = file; path = "Open Sans Bold.ttf"; sourceTree = "<group>"; };
		58A8B9E6273D8BB10022F023 /* Open Sans Semibold.ttf */ = {isa = PBXFileReference; lastKnownFileType = file; path = "Open Sans Semibold.ttf"; sourceTree = "<group>"; };
		58A8B9E7273D8BB20022F023 /* Open Sans Italic.ttf */ = {isa = PBXFileReference; lastKnownFileType = file; path = "Open Sans Italic.ttf"; sourceTree = "<group>"; };
		58A8B9E8273D8BB20022F023 /* Open Sans Bold Italic.ttf */ = {isa = PBXFileReference; lastKnownFileType = file; path = "Open Sans Bold Italic.ttf"; sourceTree = "<group>"; };
		58A8B9E9273D8BB20022F023 /* Open Sans Extrabold Italic.ttf */ = {isa = PBXFileReference; lastKnownFileType = file; path = "Open Sans Extrabold Italic.ttf"; sourceTree = "<group>"; };
		58A8B9EA273D8BB20022F023 /* Open Sans Light Italic.ttf */ = {isa = PBXFileReference; lastKnownFileType = file; path = "Open Sans Light Italic.ttf"; sourceTree = "<group>"; };
		58A8B9EB273D8BB20022F023 /* Open Sans Light.ttf */ = {isa = PBXFileReference; lastKnownFileType = file; path = "Open Sans Light.ttf"; sourceTree = "<group>"; };
		58A8B9EC273D8BB20022F023 /* Open Sans.ttf */ = {isa = PBXFileReference; lastKnownFileType = file; path = "Open Sans.ttf"; sourceTree = "<group>"; };
		58A8B9ED273D8BB20022F023 /* Open Sans Semibold Italic.ttf */ = {isa = PBXFileReference; lastKnownFileType = file; path = "Open Sans Semibold Italic.ttf"; sourceTree = "<group>"; };
		58A8B9EE273D8BB20022F023 /* Open Sans Extrabold.ttf */ = {isa = PBXFileReference; lastKnownFileType = file; path = "Open Sans Extrabold.ttf"; sourceTree = "<group>"; };
		58A8B9F9273D8CA00022F023 /* OpenSans+UIFont.swift */ = {isa = PBXFileReference; lastKnownFileType = sourcecode.swift; path = "OpenSans+UIFont.swift"; sourceTree = "<group>"; };
		58A8B9FB273D911A0022F023 /* Animations+UIView.swift */ = {isa = PBXFileReference; lastKnownFileType = sourcecode.swift; path = "Animations+UIView.swift"; sourceTree = "<group>"; };
		58A8B9FE273D93090022F023 /* RotatingShape.swift */ = {isa = PBXFileReference; lastKnownFileType = sourcecode.swift; path = RotatingShape.swift; sourceTree = "<group>"; };
		58A8BA01273D97210022F023 /* Page.swift */ = {isa = PBXFileReference; lastKnownFileType = sourcecode.swift; path = Page.swift; sourceTree = "<group>"; };
		58A8BA03273D9B6C0022F023 /* Carousel.swift */ = {isa = PBXFileReference; lastKnownFileType = sourcecode.swift; path = Carousel.swift; sourceTree = "<group>"; };
		58A8BA05273D9F600022F023 /* NextButton.swift */ = {isa = PBXFileReference; lastKnownFileType = sourcecode.swift; path = NextButton.swift; sourceTree = "<group>"; };
		58A8BA08273DA8920022F023 /* LocationPermissionViewController.swift */ = {isa = PBXFileReference; lastKnownFileType = sourcecode.swift; path = LocationPermissionViewController.swift; sourceTree = "<group>"; };
		58A8BA0B273DA96E0022F023 /* PrimaryStorage.swift */ = {isa = PBXFileReference; lastKnownFileType = sourcecode.swift; path = PrimaryStorage.swift; sourceTree = "<group>"; };
		58A8BA0E273DB2FF0022F023 /* AnimatedShape.swift */ = {isa = PBXFileReference; lastKnownFileType = sourcecode.swift; path = AnimatedShape.swift; sourceTree = "<group>"; };
		58A8BA10273DCB540022F023 /* Branding+UIColors.swift */ = {isa = PBXFileReference; lastKnownFileType = sourcecode.swift; path = "Branding+UIColors.swift"; sourceTree = "<group>"; };
		58A8BA13273DD0940022F023 /* LoginViewController.swift */ = {isa = PBXFileReference; lastKnownFileType = sourcecode.swift; path = LoginViewController.swift; sourceTree = "<group>"; };
		58A8BA15273DD2D80022F023 /* Alert+UIViewController.swift */ = {isa = PBXFileReference; lastKnownFileType = sourcecode.swift; path = "Alert+UIViewController.swift"; sourceTree = "<group>"; };
		58A8BA18273DD7C40022F023 /* Coordinator.swift */ = {isa = PBXFileReference; lastKnownFileType = sourcecode.swift; path = Coordinator.swift; sourceTree = "<group>"; };
		58A8BA1A273DD7F70022F023 /* ApplicationCoordinator.swift */ = {isa = PBXFileReference; lastKnownFileType = sourcecode.swift; path = ApplicationCoordinator.swift; sourceTree = "<group>"; };
		58A8BA1D273EF3850022F023 /* TextInput.swift */ = {isa = PBXFileReference; lastKnownFileType = sourcecode.swift; path = TextInput.swift; sourceTree = "<group>"; };
		58A8BA20273EF88F0022F023 /* Button.swift */ = {isa = PBXFileReference; lastKnownFileType = sourcecode.swift; path = Button.swift; sourceTree = "<group>"; };
		58A8BA23273F00910022F023 /* LoginState.swift */ = {isa = PBXFileReference; lastKnownFileType = sourcecode.swift; path = LoginState.swift; sourceTree = "<group>"; };
		58A8BA25273F010D0022F023 /* User.swift */ = {isa = PBXFileReference; lastKnownFileType = sourcecode.swift; path = User.swift; sourceTree = "<group>"; };
		58A8BA27273F01260022F023 /* Users.swift */ = {isa = PBXFileReference; lastKnownFileType = sourcecode.swift; path = Users.swift; sourceTree = "<group>"; };
		58A8BA292742BD340022F023 /* Validator.swift */ = {isa = PBXFileReference; lastKnownFileType = sourcecode.swift; path = Validator.swift; sourceTree = "<group>"; };
		58A8BA2B2742BFE00022F023 /* LoadingAnimation.json */ = {isa = PBXFileReference; fileEncoding = 4; lastKnownFileType = text.json; path = LoadingAnimation.json; sourceTree = "<group>"; };
		58A8BA2E2742C1000022F023 /* LoadingButton.swift */ = {isa = PBXFileReference; lastKnownFileType = sourcecode.swift; path = LoadingButton.swift; sourceTree = "<group>"; };
		58A8BA302742CA190022F023 /* ValidatedInput.swift */ = {isa = PBXFileReference; lastKnownFileType = sourcecode.swift; path = ValidatedInput.swift; sourceTree = "<group>"; };
		58A8BA322742CB1B0022F023 /* ConstraintHelpers+UIView.swift */ = {isa = PBXFileReference; lastKnownFileType = sourcecode.swift; path = "ConstraintHelpers+UIView.swift"; sourceTree = "<group>"; };
		58A8BA352742DC590022F023 /* HomeViewController.swift */ = {isa = PBXFileReference; lastKnownFileType = sourcecode.swift; path = HomeViewController.swift; sourceTree = "<group>"; };
		58A8BA392742DF570022F023 /* CheckinViewController.swift */ = {isa = PBXFileReference; lastKnownFileType = sourcecode.swift; path = CheckinViewController.swift; sourceTree = "<group>"; };
		58A8BA3B2742DF900022F023 /* ExploreViewController.swift */ = {isa = PBXFileReference; lastKnownFileType = sourcecode.swift; path = ExploreViewController.swift; sourceTree = "<group>"; };
		58A8BA3D2742E39F0022F023 /* TabNavigationCoordinator.swift */ = {isa = PBXFileReference; lastKnownFileType = sourcecode.swift; path = TabNavigationCoordinator.swift; sourceTree = "<group>"; };
		58A8BA3F2742E5540022F023 /* BaseTabBarController.swift */ = {isa = PBXFileReference; lastKnownFileType = sourcecode.swift; path = BaseTabBarController.swift; sourceTree = "<group>"; };
		58A8BA422742E6F90022F023 /* CheckinCoordinator.swift */ = {isa = PBXFileReference; lastKnownFileType = sourcecode.swift; path = CheckinCoordinator.swift; sourceTree = "<group>"; };
		58A8BA452742E75D0022F023 /* ExploreCoordinator.swift */ = {isa = PBXFileReference; lastKnownFileType = sourcecode.swift; path = ExploreCoordinator.swift; sourceTree = "<group>"; };
		58A8BA482742E7930022F023 /* HomeCoordinator.swift */ = {isa = PBXFileReference; lastKnownFileType = sourcecode.swift; path = HomeCoordinator.swift; sourceTree = "<group>"; };
		58A8BA4D2742F2590022F023 /* MenuSectionHeader.swift */ = {isa = PBXFileReference; lastKnownFileType = sourcecode.swift; path = MenuSectionHeader.swift; sourceTree = "<group>"; };
		58A8BA4F2742F3C40022F023 /* ReusableView.swift */ = {isa = PBXFileReference; lastKnownFileType = sourcecode.swift; path = ReusableView.swift; sourceTree = "<group>"; };
		58A8BA512742F48C0022F023 /* MenuItemCell.swift */ = {isa = PBXFileReference; lastKnownFileType = sourcecode.swift; path = MenuItemCell.swift; sourceTree = "<group>"; };
		58A8BA532742F7690022F023 /* Versions+Bundle.swift */ = {isa = PBXFileReference; lastKnownFileType = sourcecode.swift; path = "Versions+Bundle.swift"; sourceTree = "<group>"; };
		58A8BA552743167C0022F023 /* GymApp.playground */ = {isa = PBXFileReference; lastKnownFileType = file.playground; path = GymApp.playground; sourceTree = "<group>"; xcLanguageSpecificationIdentifier = xcode.lang.swift; };
		58A8BA5927431AE70022F023 /* MenuItems.swift */ = {isa = PBXFileReference; lastKnownFileType = sourcecode.swift; path = MenuItems.swift; sourceTree = "<group>"; };
		58A8BA5B27431B9F0022F023 /* ProfileViewController.swift */ = {isa = PBXFileReference; lastKnownFileType = sourcecode.swift; path = ProfileViewController.swift; sourceTree = "<group>"; };
		58A8BA5F27431E0A0022F023 /* ProfileCoordinator.swift */ = {isa = PBXFileReference; lastKnownFileType = sourcecode.swift; path = ProfileCoordinator.swift; sourceTree = "<group>"; };
		58AB9B6A273C4CD8005445F3 /* GymApp.app */ = {isa = PBXFileReference; explicitFileType = wrapper.application; includeInIndex = 0; path = GymApp.app; sourceTree = BUILT_PRODUCTS_DIR; };
		58AB9B6D273C4CD8005445F3 /* AppDelegate.swift */ = {isa = PBXFileReference; lastKnownFileType = sourcecode.swift; path = AppDelegate.swift; sourceTree = "<group>"; };
		58AB9B6F273C4CD8005445F3 /* SceneDelegate.swift */ = {isa = PBXFileReference; lastKnownFileType = sourcecode.swift; path = SceneDelegate.swift; sourceTree = "<group>"; };
		58AB9B71273C4CD8005445F3 /* LaunchViewController.swift */ = {isa = PBXFileReference; lastKnownFileType = sourcecode.swift; path = LaunchViewController.swift; sourceTree = "<group>"; };
		58AB9B76273C4CDC005445F3 /* Assets.xcassets */ = {isa = PBXFileReference; lastKnownFileType = folder.assetcatalog; path = Assets.xcassets; sourceTree = "<group>"; };
		58AB9B79273C4CDC005445F3 /* Base */ = {isa = PBXFileReference; lastKnownFileType = file.storyboard; name = Base; path = Base.lproj/LaunchScreen.storyboard; sourceTree = "<group>"; };
		58AB9B7B273C4CDC005445F3 /* Info.plist */ = {isa = PBXFileReference; lastKnownFileType = text.plist.xml; path = Info.plist; sourceTree = "<group>"; };
		58AB9B80273C4CDC005445F3 /* GymAppTests.xctest */ = {isa = PBXFileReference; explicitFileType = wrapper.cfbundle; includeInIndex = 0; path = GymAppTests.xctest; sourceTree = BUILT_PRODUCTS_DIR; };
		58AB9B84273C4CDC005445F3 /* GymAppTests.swift */ = {isa = PBXFileReference; lastKnownFileType = sourcecode.swift; path = GymAppTests.swift; sourceTree = "<group>"; };
		58AB9B86273C4CDC005445F3 /* Info.plist */ = {isa = PBXFileReference; lastKnownFileType = text.plist.xml; path = Info.plist; sourceTree = "<group>"; };
		58AB9B8B273C4CDC005445F3 /* GymAppUITests.xctest */ = {isa = PBXFileReference; explicitFileType = wrapper.cfbundle; includeInIndex = 0; path = GymAppUITests.xctest; sourceTree = BUILT_PRODUCTS_DIR; };
		58AB9B8F273C4CDC005445F3 /* GymAppUITests.swift */ = {isa = PBXFileReference; lastKnownFileType = sourcecode.swift; path = GymAppUITests.swift; sourceTree = "<group>"; };
		58AB9B91273C4CDC005445F3 /* Info.plist */ = {isa = PBXFileReference; lastKnownFileType = text.plist.xml; path = Info.plist; sourceTree = "<group>"; };
		58AB9B9F273C5253005445F3 /* LaunchAnimation.json */ = {isa = PBXFileReference; fileEncoding = 4; lastKnownFileType = text.json; path = LaunchAnimation.json; sourceTree = "<group>"; };
		65DCB26B00C0F3B4806346C4 /* libPods-GymApp-GymAppUITests.a */ = {isa = PBXFileReference; explicitFileType = archive.ar; includeInIndex = 0; path = "libPods-GymApp-GymAppUITests.a"; sourceTree = BUILT_PRODUCTS_DIR; };
		68F69B3F7E7797CD4A86D95C /* Pods-GymApp-GymAppUITests.release.xcconfig */ = {isa = PBXFileReference; includeInIndex = 1; lastKnownFileType = text.xcconfig; name = "Pods-GymApp-GymAppUITests.release.xcconfig"; path = "Target Support Files/Pods-GymApp-GymAppUITests/Pods-GymApp-GymAppUITests.release.xcconfig"; sourceTree = "<group>"; };
		75CA9A9E19BF10F5CBE6CC96 /* Pods-GymAppTests.debug.xcconfig */ = {isa = PBXFileReference; includeInIndex = 1; lastKnownFileType = text.xcconfig; name = "Pods-GymAppTests.debug.xcconfig"; path = "Target Support Files/Pods-GymAppTests/Pods-GymAppTests.debug.xcconfig"; sourceTree = "<group>"; };
		B3C69E0CCD30AD084A042511 /* libPods-GymApp.a */ = {isa = PBXFileReference; explicitFileType = archive.ar; includeInIndex = 0; path = "libPods-GymApp.a"; sourceTree = BUILT_PRODUCTS_DIR; };
		B4E35E63D22B2BDDDDD224DE /* Pods-GymApp.debug.xcconfig */ = {isa = PBXFileReference; includeInIndex = 1; lastKnownFileType = text.xcconfig; name = "Pods-GymApp.debug.xcconfig"; path = "Target Support Files/Pods-GymApp/Pods-GymApp.debug.xcconfig"; sourceTree = "<group>"; };
		B99CA176334544EC76B01E1C /* libPods-GymAppTests.a */ = {isa = PBXFileReference; explicitFileType = archive.ar; includeInIndex = 0; path = "libPods-GymAppTests.a"; sourceTree = BUILT_PRODUCTS_DIR; };
		D3B9E810C009E2FB13C3E697 /* Pods-GymApp.release.xcconfig */ = {isa = PBXFileReference; includeInIndex = 1; lastKnownFileType = text.xcconfig; name = "Pods-GymApp.release.xcconfig"; path = "Target Support Files/Pods-GymApp/Pods-GymApp.release.xcconfig"; sourceTree = "<group>"; };
		FB04471DA3F08F4B5FC25DC1 /* Pods-GymAppTests.release.xcconfig */ = {isa = PBXFileReference; includeInIndex = 1; lastKnownFileType = text.xcconfig; name = "Pods-GymAppTests.release.xcconfig"; path = "Target Support Files/Pods-GymAppTests/Pods-GymAppTests.release.xcconfig"; sourceTree = "<group>"; };
/* End PBXFileReference section */

/* Begin PBXFrameworksBuildPhase section */
		58AB9B67273C4CD8005445F3 /* Frameworks */ = {
			isa = PBXFrameworksBuildPhase;
			buildActionMask = 2147483647;
			files = (
				09E7B20A6A68D741EA3ECD7C /* libPods-GymApp.a in Frameworks */,
			);
			runOnlyForDeploymentPostprocessing = 0;
		};
		58AB9B7D273C4CDC005445F3 /* Frameworks */ = {
			isa = PBXFrameworksBuildPhase;
			buildActionMask = 2147483647;
			files = (
				70AD053CF64FB889C158AE94 /* libPods-GymAppTests.a in Frameworks */,
			);
			runOnlyForDeploymentPostprocessing = 0;
		};
		58AB9B88273C4CDC005445F3 /* Frameworks */ = {
			isa = PBXFrameworksBuildPhase;
			buildActionMask = 2147483647;
			files = (
				ABAFBE7C9C5649B8C98A4F80 /* libPods-GymApp-GymAppUITests.a in Frameworks */,
			);
			runOnlyForDeploymentPostprocessing = 0;
		};
/* End PBXFrameworksBuildPhase section */

/* Begin PBXGroup section */
		4FAAC8B60C6227CA265DEF3E /* Pods */ = {
			isa = PBXGroup;
			children = (
				B4E35E63D22B2BDDDDD224DE /* Pods-GymApp.debug.xcconfig */,
				D3B9E810C009E2FB13C3E697 /* Pods-GymApp.release.xcconfig */,
				1707CF22216A8349A15E9996 /* Pods-GymApp-GymAppUITests.debug.xcconfig */,
				68F69B3F7E7797CD4A86D95C /* Pods-GymApp-GymAppUITests.release.xcconfig */,
				75CA9A9E19BF10F5CBE6CC96 /* Pods-GymAppTests.debug.xcconfig */,
				FB04471DA3F08F4B5FC25DC1 /* Pods-GymAppTests.release.xcconfig */,
			);
			path = Pods;
			sourceTree = "<group>";
		};
		58A8B9D5273C598C0022F023 /* SupportingFiles */ = {
			isa = PBXGroup;
			children = (
				58AB9B6D273C4CD8005445F3 /* AppDelegate.swift */,
				58AB9B6F273C4CD8005445F3 /* SceneDelegate.swift */,
				58AB9B78273C4CDC005445F3 /* LaunchScreen.storyboard */,
				58AB9B7B273C4CDC005445F3 /* Info.plist */,
			);
			name = SupportingFiles;
			sourceTree = "<group>";
		};
		58A8B9D7273C5BD00022F023 /* Scenes */ = {
			isa = PBXGroup;
			children = (
				58A8BA3F2742E5540022F023 /* BaseTabBarController.swift */,
				58A8B9D8273C5BDF0022F023 /* Launch */,
				58A8B9DD273D85000022F023 /* Walkthrough */,
				58A8BA07273DA8580022F023 /* LocationPermission */,
				58A8BA12273DD07F0022F023 /* Login */,
				58A8BA342742DC450022F023 /* Home */,
				58A8BA5627431A7C0022F023 /* Profile */,
				58A8BA372742DF190022F023 /* Checkin */,
				58A8BA382742DF230022F023 /* Explore */,
			);
			path = Scenes;
			sourceTree = "<group>";
		};
		58A8B9D8273C5BDF0022F023 /* Launch */ = {
			isa = PBXGroup;
			children = (
				58AB9B71273C4CD8005445F3 /* LaunchViewController.swift */,
			);
			path = Launch;
			sourceTree = "<group>";
		};
		58A8B9D9273C5C940022F023 /* Common */ = {
			isa = PBXGroup;
			children = (
				58A8B9DA273C5CA40022F023 /* Protocols */,
				58A8B9E1273D877B0022F023 /* Extensions */,
				58A8BA0A273DA95E0022F023 /* Infra */,
			);
			path = Common;
			sourceTree = "<group>";
		};
		58A8B9DA273C5CA40022F023 /* Protocols */ = {
			isa = PBXGroup;
			children = (
				58A8B9DB273C5CB10022F023 /* ViewCode.swift */,
				58A8BA302742CA190022F023 /* ValidatedInput.swift */,
				58A8BA4F2742F3C40022F023 /* ReusableView.swift */,
			);
			path = Protocols;
			sourceTree = "<group>";
		};
		58A8B9DD273D85000022F023 /* Walkthrough */ = {
			isa = PBXGroup;
			children = (
				58A8BA00273D97180022F023 /* View */,
				58A8B9DF273D85330022F023 /* WalkthroughViewController.swift */,
			);
			path = Walkthrough;
			sourceTree = "<group>";
		};
		58A8B9E1273D877B0022F023 /* Extensions */ = {
			isa = PBXGroup;
			children = (
				58A8B9E2273D87960022F023 /* Angles+CGFloat.swift */,
				58A8B9F9273D8CA00022F023 /* OpenSans+UIFont.swift */,
				58A8B9FB273D911A0022F023 /* Animations+UIView.swift */,
				58A8BA10273DCB540022F023 /* Branding+UIColors.swift */,
				58A8BA15273DD2D80022F023 /* Alert+UIViewController.swift */,
				58A8BA322742CB1B0022F023 /* ConstraintHelpers+UIView.swift */,
				58A8BA532742F7690022F023 /* Versions+Bundle.swift */,
			);
			path = Extensions;
			sourceTree = "<group>";
		};
		58A8B9E4273D8B8F0022F023 /* Fonts */ = {
			isa = PBXGroup;
			children = (
				58A8B9E8273D8BB20022F023 /* Open Sans Bold Italic.ttf */,
				58A8B9E5273D8BB10022F023 /* Open Sans Bold.ttf */,
				58A8B9E9273D8BB20022F023 /* Open Sans Extrabold Italic.ttf */,
				58A8B9EE273D8BB20022F023 /* Open Sans Extrabold.ttf */,
				58A8B9E7273D8BB20022F023 /* Open Sans Italic.ttf */,
				58A8B9EA273D8BB20022F023 /* Open Sans Light Italic.ttf */,
				58A8B9EB273D8BB20022F023 /* Open Sans Light.ttf */,
				58A8B9ED273D8BB20022F023 /* Open Sans Semibold Italic.ttf */,
				58A8B9E6273D8BB10022F023 /* Open Sans Semibold.ttf */,
				58A8B9EC273D8BB20022F023 /* Open Sans.ttf */,
			);
			path = Fonts;
			sourceTree = "<group>";
		};
		58A8BA00273D97180022F023 /* View */ = {
			isa = PBXGroup;
			children = (
				58A8B9FE273D93090022F023 /* RotatingShape.swift */,
				58A8BA03273D9B6C0022F023 /* Carousel.swift */,
				58A8BA01273D97210022F023 /* Page.swift */,
				58A8BA05273D9F600022F023 /* NextButton.swift */,
			);
			path = View;
			sourceTree = "<group>";
		};
		58A8BA07273DA8580022F023 /* LocationPermission */ = {
			isa = PBXGroup;
			children = (
				58A8BA0D273DB2EE0022F023 /* View */,
				58A8BA08273DA8920022F023 /* LocationPermissionViewController.swift */,
			);
			path = LocationPermission;
			sourceTree = "<group>";
		};
		58A8BA0A273DA95E0022F023 /* Infra */ = {
			isa = PBXGroup;
			children = (
				58A8BA0B273DA96E0022F023 /* PrimaryStorage.swift */,
				58A8BA292742BD340022F023 /* Validator.swift */,
			);
			path = Infra;
			sourceTree = "<group>";
		};
		58A8BA0D273DB2EE0022F023 /* View */ = {
			isa = PBXGroup;
			children = (
				58A8BA0E273DB2FF0022F023 /* AnimatedShape.swift */,
			);
			path = View;
			sourceTree = "<group>";
		};
		58A8BA12273DD07F0022F023 /* Login */ = {
			isa = PBXGroup;
			children = (
				58A8BA13273DD0940022F023 /* LoginViewController.swift */,
			);
			path = Login;
			sourceTree = "<group>";
		};
		58A8BA17273DD7AA0022F023 /* Coordinator */ = {
			isa = PBXGroup;
			children = (
				58A8BA18273DD7C40022F023 /* Coordinator.swift */,
				58A8BA1A273DD7F70022F023 /* ApplicationCoordinator.swift */,
				58A8BA3D2742E39F0022F023 /* TabNavigationCoordinator.swift */,
			);
			path = Coordinator;
			sourceTree = "<group>";
		};
		58A8BA1F273EF6AD0022F023 /* Views */ = {
			isa = PBXGroup;
			children = (
				58A8BA2D2742C0050022F023 /* Button */,
				58A8BA1D273EF3850022F023 /* TextInput.swift */,
			);
			path = Views;
			sourceTree = "<group>";
		};
		58A8BA22273F00820022F023 /* Models */ = {
			isa = PBXGroup;
			children = (
				58A8BA23273F00910022F023 /* LoginState.swift */,
				58A8BA25273F010D0022F023 /* User.swift */,
				58A8BA27273F01260022F023 /* Users.swift */,
			);
			path = Models;
			sourceTree = "<group>";
		};
		58A8BA2D2742C0050022F023 /* Button */ = {
			isa = PBXGroup;
			children = (
				58A8BA20273EF88F0022F023 /* Button.swift */,
				58A8BA2E2742C1000022F023 /* LoadingButton.swift */,
			);
			path = Button;
			sourceTree = "<group>";
		};
		58A8BA342742DC450022F023 /* Home */ = {
			isa = PBXGroup;
			children = (
				58A8BA472742E7830022F023 /* Coordinator */,
				58A8BA352742DC590022F023 /* HomeViewController.swift */,
			);
			path = Home;
			sourceTree = "<group>";
		};
		58A8BA372742DF190022F023 /* Checkin */ = {
			isa = PBXGroup;
			children = (
				58A8BA412742E6E30022F023 /* Coordinator */,
				58A8BA392742DF570022F023 /* CheckinViewController.swift */,
			);
			path = Checkin;
			sourceTree = "<group>";
		};
		58A8BA382742DF230022F023 /* Explore */ = {
			isa = PBXGroup;
			children = (
				58A8BA442742E74F0022F023 /* Coordinator */,
				58A8BA3B2742DF900022F023 /* ExploreViewController.swift */,
			);
			path = Explore;
			sourceTree = "<group>";
		};
		58A8BA412742E6E30022F023 /* Coordinator */ = {
			isa = PBXGroup;
			children = (
				58A8BA422742E6F90022F023 /* CheckinCoordinator.swift */,
			);
			path = Coordinator;
			sourceTree = "<group>";
		};
		58A8BA442742E74F0022F023 /* Coordinator */ = {
			isa = PBXGroup;
			children = (
				58A8BA452742E75D0022F023 /* ExploreCoordinator.swift */,
			);
			path = Coordinator;
			sourceTree = "<group>";
		};
		58A8BA472742E7830022F023 /* Coordinator */ = {
			isa = PBXGroup;
			children = (
				58A8BA482742E7930022F023 /* HomeCoordinator.swift */,
			);
			path = Coordinator;
			sourceTree = "<group>";
		};
		58A8BA5627431A7C0022F023 /* Profile */ = {
			isa = PBXGroup;
			children = (
				58A8BA5E27431DE70022F023 /* Coordinator */,
				58A8BA5827431AD10022F023 /* Model */,
				58A8BA5D27431BF60022F023 /* View */,
				58A8BA5B27431B9F0022F023 /* ProfileViewController.swift */,
			);
			path = Profile;
			sourceTree = "<group>";
		};
		58A8BA5827431AD10022F023 /* Model */ = {
			isa = PBXGroup;
			children = (
				58A8BA5927431AE70022F023 /* MenuItems.swift */,
			);
			path = Model;
			sourceTree = "<group>";
		};
		58A8BA5D27431BF60022F023 /* View */ = {
			isa = PBXGroup;
			children = (
				58A8BA512742F48C0022F023 /* MenuItemCell.swift */,
				58A8BA4D2742F2590022F023 /* MenuSectionHeader.swift */,
			);
			path = View;
			sourceTree = "<group>";
		};
		58A8BA5E27431DE70022F023 /* Coordinator */ = {
			isa = PBXGroup;
			children = (
				58A8BA5F27431E0A0022F023 /* ProfileCoordinator.swift */,
			);
			path = Coordinator;
			sourceTree = "<group>";
		};
		58AB9B61273C4CD7005445F3 = {
			isa = PBXGroup;
			children = (
				58AB9B6C273C4CD8005445F3 /* GymApp */,
				58AB9B83273C4CDC005445F3 /* GymAppTests */,
				58AB9B8E273C4CDC005445F3 /* GymAppUITests */,
				58AB9B6B273C4CD8005445F3 /* Products */,
				4FAAC8B60C6227CA265DEF3E /* Pods */,
				C3CD6766A2739F65815EEA80 /* Frameworks */,
			);
			sourceTree = "<group>";
		};
		58AB9B6B273C4CD8005445F3 /* Products */ = {
			isa = PBXGroup;
			children = (
				58AB9B6A273C4CD8005445F3 /* GymApp.app */,
				58AB9B80273C4CDC005445F3 /* GymAppTests.xctest */,
				58AB9B8B273C4CDC005445F3 /* GymAppUITests.xctest */,
			);
			name = Products;
			sourceTree = "<group>";
		};
		58AB9B6C273C4CD8005445F3 /* GymApp */ = {
			isa = PBXGroup;
			children = (
				58AB9B9D273C5208005445F3 /* Assets */,
				58A8B9D9273C5C940022F023 /* Common */,
				58A8BA17273DD7AA0022F023 /* Coordinator */,
				58A8BA22273F00820022F023 /* Models */,
				58A8BA1F273EF6AD0022F023 /* Views */,
				58A8B9D7273C5BD00022F023 /* Scenes */,
				58A8B9D5273C598C0022F023 /* SupportingFiles */,
				58A8BA552743167C0022F023 /* GymApp.playground */,
			);
			path = GymApp;
			sourceTree = "<group>";
		};
		58AB9B83273C4CDC005445F3 /* GymAppTests */ = {
			isa = PBXGroup;
			children = (
				58AB9B84273C4CDC005445F3 /* GymAppTests.swift */,
				58AB9B86273C4CDC005445F3 /* Info.plist */,
			);
			path = GymAppTests;
			sourceTree = "<group>";
		};
		58AB9B8E273C4CDC005445F3 /* GymAppUITests */ = {
			isa = PBXGroup;
			children = (
				58AB9B8F273C4CDC005445F3 /* GymAppUITests.swift */,
				58AB9B91273C4CDC005445F3 /* Info.plist */,
			);
			path = GymAppUITests;
			sourceTree = "<group>";
		};
		58AB9B9D273C5208005445F3 /* Assets */ = {
			isa = PBXGroup;
			children = (
				58AB9B76273C4CDC005445F3 /* Assets.xcassets */,
				58A8B9E4273D8B8F0022F023 /* Fonts */,
				58AB9B9E273C5217005445F3 /* Lottie */,
			);
			path = Assets;
			sourceTree = "<group>";
		};
		58AB9B9E273C5217005445F3 /* Lottie */ = {
			isa = PBXGroup;
			children = (
				58AB9B9F273C5253005445F3 /* LaunchAnimation.json */,
				58A8BA2B2742BFE00022F023 /* LoadingAnimation.json */,
			);
			path = Lottie;
			sourceTree = "<group>";
		};
		C3CD6766A2739F65815EEA80 /* Frameworks */ = {
			isa = PBXGroup;
			children = (
				B3C69E0CCD30AD084A042511 /* libPods-GymApp.a */,
				65DCB26B00C0F3B4806346C4 /* libPods-GymApp-GymAppUITests.a */,
				B99CA176334544EC76B01E1C /* libPods-GymAppTests.a */,
			);
			name = Frameworks;
			sourceTree = "<group>";
		};
/* End PBXGroup section */

/* Begin PBXNativeTarget section */
		58AB9B69273C4CD8005445F3 /* GymApp */ = {
			isa = PBXNativeTarget;
			buildConfigurationList = 58AB9B94273C4CDC005445F3 /* Build configuration list for PBXNativeTarget "GymApp" */;
			buildPhases = (
				073805A4CCB6B1138239F4A8 /* [CP] Check Pods Manifest.lock */,
				58AB9B66273C4CD8005445F3 /* Sources */,
				58AB9B67273C4CD8005445F3 /* Frameworks */,
				58AB9B68273C4CD8005445F3 /* Resources */,
			);
			buildRules = (
			);
			dependencies = (
			);
			name = GymApp;
			productName = GymApp;
			productReference = 58AB9B6A273C4CD8005445F3 /* GymApp.app */;
			productType = "com.apple.product-type.application";
		};
		58AB9B7F273C4CDC005445F3 /* GymAppTests */ = {
			isa = PBXNativeTarget;
			buildConfigurationList = 58AB9B97273C4CDC005445F3 /* Build configuration list for PBXNativeTarget "GymAppTests" */;
			buildPhases = (
				B015F4052CA382345BA94041 /* [CP] Check Pods Manifest.lock */,
				58AB9B7C273C4CDC005445F3 /* Sources */,
				58AB9B7D273C4CDC005445F3 /* Frameworks */,
				58AB9B7E273C4CDC005445F3 /* Resources */,
			);
			buildRules = (
			);
			dependencies = (
				58AB9B82273C4CDC005445F3 /* PBXTargetDependency */,
			);
			name = GymAppTests;
			productName = GymAppTests;
			productReference = 58AB9B80273C4CDC005445F3 /* GymAppTests.xctest */;
			productType = "com.apple.product-type.bundle.unit-test";
		};
		58AB9B8A273C4CDC005445F3 /* GymAppUITests */ = {
			isa = PBXNativeTarget;
			buildConfigurationList = 58AB9B9A273C4CDC005445F3 /* Build configuration list for PBXNativeTarget "GymAppUITests" */;
			buildPhases = (
				15454285A69890A7B7C2E2B9 /* [CP] Check Pods Manifest.lock */,
				58AB9B87273C4CDC005445F3 /* Sources */,
				58AB9B88273C4CDC005445F3 /* Frameworks */,
				58AB9B89273C4CDC005445F3 /* Resources */,
			);
			buildRules = (
			);
			dependencies = (
				58AB9B8D273C4CDC005445F3 /* PBXTargetDependency */,
			);
			name = GymAppUITests;
			productName = GymAppUITests;
			productReference = 58AB9B8B273C4CDC005445F3 /* GymAppUITests.xctest */;
			productType = "com.apple.product-type.bundle.ui-testing";
		};
/* End PBXNativeTarget section */

/* Begin PBXProject section */
		58AB9B62273C4CD7005445F3 /* Project object */ = {
			isa = PBXProject;
			attributes = {
				LastSwiftUpdateCheck = 1250;
				LastUpgradeCheck = 1250;
				TargetAttributes = {
					58AB9B69273C4CD8005445F3 = {
						CreatedOnToolsVersion = 12.5.1;
					};
					58AB9B7F273C4CDC005445F3 = {
						CreatedOnToolsVersion = 12.5.1;
						TestTargetID = 58AB9B69273C4CD8005445F3;
					};
					58AB9B8A273C4CDC005445F3 = {
						CreatedOnToolsVersion = 12.5.1;
						TestTargetID = 58AB9B69273C4CD8005445F3;
					};
				};
			};
			buildConfigurationList = 58AB9B65273C4CD7005445F3 /* Build configuration list for PBXProject "GymApp" */;
			compatibilityVersion = "Xcode 9.3";
			developmentRegion = en;
			hasScannedForEncodings = 0;
			knownRegions = (
				en,
				Base,
			);
			mainGroup = 58AB9B61273C4CD7005445F3;
			productRefGroup = 58AB9B6B273C4CD8005445F3 /* Products */;
			projectDirPath = "";
			projectRoot = "";
			targets = (
				58AB9B69273C4CD8005445F3 /* GymApp */,
				58AB9B7F273C4CDC005445F3 /* GymAppTests */,
				58AB9B8A273C4CDC005445F3 /* GymAppUITests */,
			);
		};
/* End PBXProject section */

/* Begin PBXResourcesBuildPhase section */
		58AB9B68273C4CD8005445F3 /* Resources */ = {
			isa = PBXResourcesBuildPhase;
			buildActionMask = 2147483647;
			files = (
				58A8B9F8273D8BB20022F023 /* Open Sans Extrabold.ttf in Resources */,
				58AB9B7A273C4CDC005445F3 /* LaunchScreen.storyboard in Resources */,
				58A8B9F1273D8BB20022F023 /* Open Sans Italic.ttf in Resources */,
				58A8B9F5273D8BB20022F023 /* Open Sans Light.ttf in Resources */,
				58A8B9F2273D8BB20022F023 /* Open Sans Bold Italic.ttf in Resources */,
				58A8B9F0273D8BB20022F023 /* Open Sans Semibold.ttf in Resources */,
				58A8B9F3273D8BB20022F023 /* Open Sans Extrabold Italic.ttf in Resources */,
				58A8B9F4273D8BB20022F023 /* Open Sans Light Italic.ttf in Resources */,
				58A8B9F6273D8BB20022F023 /* Open Sans.ttf in Resources */,
				58AB9B77273C4CDC005445F3 /* Assets.xcassets in Resources */,
				58A8B9F7273D8BB20022F023 /* Open Sans Semibold Italic.ttf in Resources */,
				58A8B9EF273D8BB20022F023 /* Open Sans Bold.ttf in Resources */,
				58AB9BA0273C5253005445F3 /* LaunchAnimation.json in Resources */,
				58A8BA2C2742BFE00022F023 /* LoadingAnimation.json in Resources */,
			);
			runOnlyForDeploymentPostprocessing = 0;
		};
		58AB9B7E273C4CDC005445F3 /* Resources */ = {
			isa = PBXResourcesBuildPhase;
			buildActionMask = 2147483647;
			files = (
			);
			runOnlyForDeploymentPostprocessing = 0;
		};
		58AB9B89273C4CDC005445F3 /* Resources */ = {
			isa = PBXResourcesBuildPhase;
			buildActionMask = 2147483647;
			files = (
			);
			runOnlyForDeploymentPostprocessing = 0;
		};
/* End PBXResourcesBuildPhase section */

/* Begin PBXShellScriptBuildPhase section */
		073805A4CCB6B1138239F4A8 /* [CP] Check Pods Manifest.lock */ = {
			isa = PBXShellScriptBuildPhase;
			buildActionMask = 2147483647;
			files = (
			);
			inputFileListPaths = (
			);
			inputPaths = (
				"${PODS_PODFILE_DIR_PATH}/Podfile.lock",
				"${PODS_ROOT}/Manifest.lock",
			);
			name = "[CP] Check Pods Manifest.lock";
			outputFileListPaths = (
			);
			outputPaths = (
				"$(DERIVED_FILE_DIR)/Pods-GymApp-checkManifestLockResult.txt",
			);
			runOnlyForDeploymentPostprocessing = 0;
			shellPath = /bin/sh;
			shellScript = "diff \"${PODS_PODFILE_DIR_PATH}/Podfile.lock\" \"${PODS_ROOT}/Manifest.lock\" > /dev/null\nif [ $? != 0 ] ; then\n    # print error to STDERR\n    echo \"error: The sandbox is not in sync with the Podfile.lock. Run 'pod install' or update your CocoaPods installation.\" >&2\n    exit 1\nfi\n# This output is used by Xcode 'outputs' to avoid re-running this script phase.\necho \"SUCCESS\" > \"${SCRIPT_OUTPUT_FILE_0}\"\n";
			showEnvVarsInLog = 0;
		};
		15454285A69890A7B7C2E2B9 /* [CP] Check Pods Manifest.lock */ = {
			isa = PBXShellScriptBuildPhase;
			buildActionMask = 2147483647;
			files = (
			);
			inputFileListPaths = (
			);
			inputPaths = (
				"${PODS_PODFILE_DIR_PATH}/Podfile.lock",
				"${PODS_ROOT}/Manifest.lock",
			);
			name = "[CP] Check Pods Manifest.lock";
			outputFileListPaths = (
			);
			outputPaths = (
				"$(DERIVED_FILE_DIR)/Pods-GymApp-GymAppUITests-checkManifestLockResult.txt",
			);
			runOnlyForDeploymentPostprocessing = 0;
			shellPath = /bin/sh;
			shellScript = "diff \"${PODS_PODFILE_DIR_PATH}/Podfile.lock\" \"${PODS_ROOT}/Manifest.lock\" > /dev/null\nif [ $? != 0 ] ; then\n    # print error to STDERR\n    echo \"error: The sandbox is not in sync with the Podfile.lock. Run 'pod install' or update your CocoaPods installation.\" >&2\n    exit 1\nfi\n# This output is used by Xcode 'outputs' to avoid re-running this script phase.\necho \"SUCCESS\" > \"${SCRIPT_OUTPUT_FILE_0}\"\n";
			showEnvVarsInLog = 0;
		};
		B015F4052CA382345BA94041 /* [CP] Check Pods Manifest.lock */ = {
			isa = PBXShellScriptBuildPhase;
			buildActionMask = 2147483647;
			files = (
			);
			inputFileListPaths = (
			);
			inputPaths = (
				"${PODS_PODFILE_DIR_PATH}/Podfile.lock",
				"${PODS_ROOT}/Manifest.lock",
			);
			name = "[CP] Check Pods Manifest.lock";
			outputFileListPaths = (
			);
			outputPaths = (
				"$(DERIVED_FILE_DIR)/Pods-GymAppTests-checkManifestLockResult.txt",
			);
			runOnlyForDeploymentPostprocessing = 0;
			shellPath = /bin/sh;
			shellScript = "diff \"${PODS_PODFILE_DIR_PATH}/Podfile.lock\" \"${PODS_ROOT}/Manifest.lock\" > /dev/null\nif [ $? != 0 ] ; then\n    # print error to STDERR\n    echo \"error: The sandbox is not in sync with the Podfile.lock. Run 'pod install' or update your CocoaPods installation.\" >&2\n    exit 1\nfi\n# This output is used by Xcode 'outputs' to avoid re-running this script phase.\necho \"SUCCESS\" > \"${SCRIPT_OUTPUT_FILE_0}\"\n";
			showEnvVarsInLog = 0;
		};
/* End PBXShellScriptBuildPhase section */

/* Begin PBXSourcesBuildPhase section */
		58AB9B66273C4CD8005445F3 /* Sources */ = {
			isa = PBXSourcesBuildPhase;
			buildActionMask = 2147483647;
			files = (
				58A8BA6027431E0A0022F023 /* ProfileCoordinator.swift in Sources */,
				58A8BA2F2742C1000022F023 /* LoadingButton.swift in Sources */,
				58A8BA09273DA8920022F023 /* LocationPermissionViewController.swift in Sources */,
				58A8BA16273DD2D80022F023 /* Alert+UIViewController.swift in Sources */,
				58A8B9FA273D8CA00022F023 /* OpenSans+UIFont.swift in Sources */,
				58A8BA542742F7690022F023 /* Versions+Bundle.swift in Sources */,
				58A8BA5C27431B9F0022F023 /* ProfileViewController.swift in Sources */,
				58A8BA1E273EF3850022F023 /* TextInput.swift in Sources */,
				58A8BA3E2742E39F0022F023 /* TabNavigationCoordinator.swift in Sources */,
				58A8BA362742DC590022F023 /* HomeViewController.swift in Sources */,
				58A8BA2A2742BD340022F023 /* Validator.swift in Sources */,
				58A8BA11273DCB540022F023 /* Branding+UIColors.swift in Sources */,
				58A8B9FC273D911A0022F023 /* Animations+UIView.swift in Sources */,
				58A8BA502742F3C40022F023 /* ReusableView.swift in Sources */,
				58A8BA432742E6F90022F023 /* CheckinCoordinator.swift in Sources */,
				58AB9B72273C4CD8005445F3 /* LaunchViewController.swift in Sources */,
				58A8BA312742CA190022F023 /* ValidatedInput.swift in Sources */,
				58A8BA332742CB1B0022F023 /* ConstraintHelpers+UIView.swift in Sources */,
				58A8BA19273DD7C40022F023 /* Coordinator.swift in Sources */,
				58A8BA402742E5540022F023 /* BaseTabBarController.swift in Sources */,
				58A8BA0F273DB2FF0022F023 /* AnimatedShape.swift in Sources */,
				58AB9B6E273C4CD8005445F3 /* AppDelegate.swift in Sources */,
				58A8BA4E2742F2590022F023 /* MenuSectionHeader.swift in Sources */,
				58A8BA02273D97210022F023 /* Page.swift in Sources */,
				58A8BA492742E7930022F023 /* HomeCoordinator.swift in Sources */,
				58A8B9E3273D87960022F023 /* Angles+CGFloat.swift in Sources */,
				58A8BA28273F01260022F023 /* Users.swift in Sources */,
				58A8BA06273D9F600022F023 /* NextButton.swift in Sources */,
				58AB9B70273C4CD8005445F3 /* SceneDelegate.swift in Sources */,
				58A8BA3C2742DF900022F023 /* ExploreViewController.swift in Sources */,
				58A8BA04273D9B6C0022F023 /* Carousel.swift in Sources */,
				58A8BA0C273DA96E0022F023 /* PrimaryStorage.swift in Sources */,
				58A8BA1B273DD7F70022F023 /* ApplicationCoordinator.swift in Sources */,
				58A8BA5A27431AE70022F023 /* MenuItems.swift in Sources */,
				58A8BA14273DD0940022F023 /* LoginViewController.swift in Sources */,
				58A8B9FF273D93090022F023 /* RotatingShape.swift in Sources */,
				58A8B9DC273C5CB10022F023 /* ViewCode.swift in Sources */,
				58A8BA26273F010D0022F023 /* User.swift in Sources */,
				58A8B9E0273D85330022F023 /* WalkthroughViewController.swift in Sources */,
				58A8BA21273EF88F0022F023 /* Button.swift in Sources */,
				58A8BA522742F48C0022F023 /* MenuItemCell.swift in Sources */,
				58A8BA3A2742DF570022F023 /* CheckinViewController.swift in Sources */,
				58A8BA462742E75D0022F023 /* ExploreCoordinator.swift in Sources */,
				58A8BA24273F00910022F023 /* LoginState.swift in Sources */,
			);
			runOnlyForDeploymentPostprocessing = 0;
		};
		58AB9B7C273C4CDC005445F3 /* Sources */ = {
			isa = PBXSourcesBuildPhase;
			buildActionMask = 2147483647;
			files = (
				58AB9B85273C4CDC005445F3 /* GymAppTests.swift in Sources */,
			);
			runOnlyForDeploymentPostprocessing = 0;
		};
		58AB9B87273C4CDC005445F3 /* Sources */ = {
			isa = PBXSourcesBuildPhase;
			buildActionMask = 2147483647;
			files = (
				58AB9B90273C4CDC005445F3 /* GymAppUITests.swift in Sources */,
			);
			runOnlyForDeploymentPostprocessing = 0;
		};
/* End PBXSourcesBuildPhase section */

/* Begin PBXTargetDependency section */
		58AB9B82273C4CDC005445F3 /* PBXTargetDependency */ = {
			isa = PBXTargetDependency;
			target = 58AB9B69273C4CD8005445F3 /* GymApp */;
			targetProxy = 58AB9B81273C4CDC005445F3 /* PBXContainerItemProxy */;
		};
		58AB9B8D273C4CDC005445F3 /* PBXTargetDependency */ = {
			isa = PBXTargetDependency;
			target = 58AB9B69273C4CD8005445F3 /* GymApp */;
			targetProxy = 58AB9B8C273C4CDC005445F3 /* PBXContainerItemProxy */;
		};
/* End PBXTargetDependency section */

/* Begin PBXVariantGroup section */
		58AB9B78273C4CDC005445F3 /* LaunchScreen.storyboard */ = {
			isa = PBXVariantGroup;
			children = (
				58AB9B79273C4CDC005445F3 /* Base */,
			);
			name = LaunchScreen.storyboard;
			sourceTree = "<group>";
		};
/* End PBXVariantGroup section */

/* Begin XCBuildConfiguration section */
		58AB9B92273C4CDC005445F3 /* Debug */ = {
			isa = XCBuildConfiguration;
			buildSettings = {
				ALWAYS_SEARCH_USER_PATHS = NO;
				CLANG_ANALYZER_NONNULL = YES;
				CLANG_ANALYZER_NUMBER_OBJECT_CONVERSION = YES_AGGRESSIVE;
				CLANG_CXX_LANGUAGE_STANDARD = "gnu++14";
				CLANG_CXX_LIBRARY = "libc++";
				CLANG_ENABLE_MODULES = YES;
				CLANG_ENABLE_OBJC_ARC = YES;
				CLANG_ENABLE_OBJC_WEAK = YES;
				CLANG_WARN_BLOCK_CAPTURE_AUTORELEASING = YES;
				CLANG_WARN_BOOL_CONVERSION = YES;
				CLANG_WARN_COMMA = YES;
				CLANG_WARN_CONSTANT_CONVERSION = YES;
				CLANG_WARN_DEPRECATED_OBJC_IMPLEMENTATIONS = YES;
				CLANG_WARN_DIRECT_OBJC_ISA_USAGE = YES_ERROR;
				CLANG_WARN_DOCUMENTATION_COMMENTS = YES;
				CLANG_WARN_EMPTY_BODY = YES;
				CLANG_WARN_ENUM_CONVERSION = YES;
				CLANG_WARN_INFINITE_RECURSION = YES;
				CLANG_WARN_INT_CONVERSION = YES;
				CLANG_WARN_NON_LITERAL_NULL_CONVERSION = YES;
				CLANG_WARN_OBJC_IMPLICIT_RETAIN_SELF = YES;
				CLANG_WARN_OBJC_LITERAL_CONVERSION = YES;
				CLANG_WARN_OBJC_ROOT_CLASS = YES_ERROR;
				CLANG_WARN_QUOTED_INCLUDE_IN_FRAMEWORK_HEADER = YES;
				CLANG_WARN_RANGE_LOOP_ANALYSIS = YES;
				CLANG_WARN_STRICT_PROTOTYPES = YES;
				CLANG_WARN_SUSPICIOUS_MOVE = YES;
				CLANG_WARN_UNGUARDED_AVAILABILITY = YES_AGGRESSIVE;
				CLANG_WARN_UNREACHABLE_CODE = YES;
				CLANG_WARN__DUPLICATE_METHOD_MATCH = YES;
				COPY_PHASE_STRIP = NO;
				DEBUG_INFORMATION_FORMAT = dwarf;
				ENABLE_STRICT_OBJC_MSGSEND = YES;
				ENABLE_TESTABILITY = YES;
				GCC_C_LANGUAGE_STANDARD = gnu11;
				GCC_DYNAMIC_NO_PIC = NO;
				GCC_NO_COMMON_BLOCKS = YES;
				GCC_OPTIMIZATION_LEVEL = 0;
				GCC_PREPROCESSOR_DEFINITIONS = (
					"DEBUG=1",
					"$(inherited)",
				);
				GCC_WARN_64_TO_32_BIT_CONVERSION = YES;
				GCC_WARN_ABOUT_RETURN_TYPE = YES_ERROR;
				GCC_WARN_UNDECLARED_SELECTOR = YES;
				GCC_WARN_UNINITIALIZED_AUTOS = YES_AGGRESSIVE;
				GCC_WARN_UNUSED_FUNCTION = YES;
				GCC_WARN_UNUSED_VARIABLE = YES;
				IPHONEOS_DEPLOYMENT_TARGET = 14.5;
				MTL_ENABLE_DEBUG_INFO = INCLUDE_SOURCE;
				MTL_FAST_MATH = YES;
				ONLY_ACTIVE_ARCH = YES;
				SDKROOT = iphoneos;
				SWIFT_ACTIVE_COMPILATION_CONDITIONS = DEBUG;
				SWIFT_OPTIMIZATION_LEVEL = "-Onone";
			};
			name = Debug;
		};
		58AB9B93273C4CDC005445F3 /* Release */ = {
			isa = XCBuildConfiguration;
			buildSettings = {
				ALWAYS_SEARCH_USER_PATHS = NO;
				CLANG_ANALYZER_NONNULL = YES;
				CLANG_ANALYZER_NUMBER_OBJECT_CONVERSION = YES_AGGRESSIVE;
				CLANG_CXX_LANGUAGE_STANDARD = "gnu++14";
				CLANG_CXX_LIBRARY = "libc++";
				CLANG_ENABLE_MODULES = YES;
				CLANG_ENABLE_OBJC_ARC = YES;
				CLANG_ENABLE_OBJC_WEAK = YES;
				CLANG_WARN_BLOCK_CAPTURE_AUTORELEASING = YES;
				CLANG_WARN_BOOL_CONVERSION = YES;
				CLANG_WARN_COMMA = YES;
				CLANG_WARN_CONSTANT_CONVERSION = YES;
				CLANG_WARN_DEPRECATED_OBJC_IMPLEMENTATIONS = YES;
				CLANG_WARN_DIRECT_OBJC_ISA_USAGE = YES_ERROR;
				CLANG_WARN_DOCUMENTATION_COMMENTS = YES;
				CLANG_WARN_EMPTY_BODY = YES;
				CLANG_WARN_ENUM_CONVERSION = YES;
				CLANG_WARN_INFINITE_RECURSION = YES;
				CLANG_WARN_INT_CONVERSION = YES;
				CLANG_WARN_NON_LITERAL_NULL_CONVERSION = YES;
				CLANG_WARN_OBJC_IMPLICIT_RETAIN_SELF = YES;
				CLANG_WARN_OBJC_LITERAL_CONVERSION = YES;
				CLANG_WARN_OBJC_ROOT_CLASS = YES_ERROR;
				CLANG_WARN_QUOTED_INCLUDE_IN_FRAMEWORK_HEADER = YES;
				CLANG_WARN_RANGE_LOOP_ANALYSIS = YES;
				CLANG_WARN_STRICT_PROTOTYPES = YES;
				CLANG_WARN_SUSPICIOUS_MOVE = YES;
				CLANG_WARN_UNGUARDED_AVAILABILITY = YES_AGGRESSIVE;
				CLANG_WARN_UNREACHABLE_CODE = YES;
				CLANG_WARN__DUPLICATE_METHOD_MATCH = YES;
				COPY_PHASE_STRIP = NO;
				DEBUG_INFORMATION_FORMAT = "dwarf-with-dsym";
				ENABLE_NS_ASSERTIONS = NO;
				ENABLE_STRICT_OBJC_MSGSEND = YES;
				GCC_C_LANGUAGE_STANDARD = gnu11;
				GCC_NO_COMMON_BLOCKS = YES;
				GCC_WARN_64_TO_32_BIT_CONVERSION = YES;
				GCC_WARN_ABOUT_RETURN_TYPE = YES_ERROR;
				GCC_WARN_UNDECLARED_SELECTOR = YES;
				GCC_WARN_UNINITIALIZED_AUTOS = YES_AGGRESSIVE;
				GCC_WARN_UNUSED_FUNCTION = YES;
				GCC_WARN_UNUSED_VARIABLE = YES;
				IPHONEOS_DEPLOYMENT_TARGET = 14.5;
				MTL_ENABLE_DEBUG_INFO = NO;
				MTL_FAST_MATH = YES;
				SDKROOT = iphoneos;
				SWIFT_COMPILATION_MODE = wholemodule;
				SWIFT_OPTIMIZATION_LEVEL = "-O";
				VALIDATE_PRODUCT = YES;
			};
			name = Release;
		};
		58AB9B95273C4CDC005445F3 /* Debug */ = {
			isa = XCBuildConfiguration;
			baseConfigurationReference = B4E35E63D22B2BDDDDD224DE /* Pods-GymApp.debug.xcconfig */;
			buildSettings = {
				ASSETCATALOG_COMPILER_APPICON_NAME = AppIcon;
				ASSETCATALOG_COMPILER_GLOBAL_ACCENT_COLOR_NAME = AccentColor;
				CODE_SIGN_STYLE = Automatic;
				DEVELOPMENT_TEAM = CP42424Z9Z;
				INFOPLIST_FILE = GymApp/Info.plist;
				LD_RUNPATH_SEARCH_PATHS = (
					"$(inherited)",
					"@executable_path/Frameworks",
				);
				PRODUCT_BUNDLE_IDENTIFIER = br.com.rollo.rafael.GymApp;
				PRODUCT_NAME = "$(TARGET_NAME)";
				SWIFT_VERSION = 5.0;
				TARGETED_DEVICE_FAMILY = "1,2";
			};
			name = Debug;
		};
		58AB9B96273C4CDC005445F3 /* Release */ = {
			isa = XCBuildConfiguration;
			baseConfigurationReference = D3B9E810C009E2FB13C3E697 /* Pods-GymApp.release.xcconfig */;
			buildSettings = {
				ASSETCATALOG_COMPILER_APPICON_NAME = AppIcon;
				ASSETCATALOG_COMPILER_GLOBAL_ACCENT_COLOR_NAME = AccentColor;
				CODE_SIGN_STYLE = Automatic;
				DEVELOPMENT_TEAM = CP42424Z9Z;
				INFOPLIST_FILE = GymApp/Info.plist;
				LD_RUNPATH_SEARCH_PATHS = (
					"$(inherited)",
					"@executable_path/Frameworks",
				);
				PRODUCT_BUNDLE_IDENTIFIER = br.com.rollo.rafael.GymApp;
				PRODUCT_NAME = "$(TARGET_NAME)";
				SWIFT_VERSION = 5.0;
				TARGETED_DEVICE_FAMILY = "1,2";
			};
			name = Release;
		};
		58AB9B98273C4CDC005445F3 /* Debug */ = {
			isa = XCBuildConfiguration;
			baseConfigurationReference = 75CA9A9E19BF10F5CBE6CC96 /* Pods-GymAppTests.debug.xcconfig */;
			buildSettings = {
				ALWAYS_EMBED_SWIFT_STANDARD_LIBRARIES = YES;
				BUNDLE_LOADER = "$(TEST_HOST)";
				CODE_SIGN_STYLE = Automatic;
				DEVELOPMENT_TEAM = CP42424Z9Z;
				INFOPLIST_FILE = GymAppTests/Info.plist;
				IPHONEOS_DEPLOYMENT_TARGET = 14.5;
				LD_RUNPATH_SEARCH_PATHS = (
					"$(inherited)",
					"@executable_path/Frameworks",
					"@loader_path/Frameworks",
				);
				PRODUCT_BUNDLE_IDENTIFIER = br.com.rollo.rafael.GymAppTests;
				PRODUCT_NAME = "$(TARGET_NAME)";
				SWIFT_VERSION = 5.0;
				TARGETED_DEVICE_FAMILY = "1,2";
				TEST_HOST = "$(BUILT_PRODUCTS_DIR)/GymApp.app/GymApp";
			};
			name = Debug;
		};
		58AB9B99273C4CDC005445F3 /* Release */ = {
			isa = XCBuildConfiguration;
			baseConfigurationReference = FB04471DA3F08F4B5FC25DC1 /* Pods-GymAppTests.release.xcconfig */;
			buildSettings = {
				ALWAYS_EMBED_SWIFT_STANDARD_LIBRARIES = YES;
				BUNDLE_LOADER = "$(TEST_HOST)";
				CODE_SIGN_STYLE = Automatic;
				DEVELOPMENT_TEAM = CP42424Z9Z;
				INFOPLIST_FILE = GymAppTests/Info.plist;
				IPHONEOS_DEPLOYMENT_TARGET = 14.5;
				LD_RUNPATH_SEARCH_PATHS = (
					"$(inherited)",
					"@executable_path/Frameworks",
					"@loader_path/Frameworks",
				);
				PRODUCT_BUNDLE_IDENTIFIER = br.com.rollo.rafael.GymAppTests;
				PRODUCT_NAME = "$(TARGET_NAME)";
				SWIFT_VERSION = 5.0;
				TARGETED_DEVICE_FAMILY = "1,2";
				TEST_HOST = "$(BUILT_PRODUCTS_DIR)/GymApp.app/GymApp";
			};
			name = Release;
		};
		58AB9B9B273C4CDC005445F3 /* Debug */ = {
			isa = XCBuildConfiguration;
			baseConfigurationReference = 1707CF22216A8349A15E9996 /* Pods-GymApp-GymAppUITests.debug.xcconfig */;
			buildSettings = {
				ALWAYS_EMBED_SWIFT_STANDARD_LIBRARIES = YES;
				CODE_SIGN_STYLE = Automatic;
				DEVELOPMENT_TEAM = CP42424Z9Z;
				INFOPLIST_FILE = GymAppUITests/Info.plist;
				LD_RUNPATH_SEARCH_PATHS = (
					"$(inherited)",
					"@executable_path/Frameworks",
					"@loader_path/Frameworks",
				);
				PRODUCT_BUNDLE_IDENTIFIER = br.com.rollo.rafael.GymAppUITests;
				PRODUCT_NAME = "$(TARGET_NAME)";
				SWIFT_VERSION = 5.0;
				TARGETED_DEVICE_FAMILY = "1,2";
				TEST_TARGET_NAME = GymApp;
			};
			name = Debug;
		};
		58AB9B9C273C4CDC005445F3 /* Release */ = {
			isa = XCBuildConfiguration;
			baseConfigurationReference = 68F69B3F7E7797CD4A86D95C /* Pods-GymApp-GymAppUITests.release.xcconfig */;
			buildSettings = {
				ALWAYS_EMBED_SWIFT_STANDARD_LIBRARIES = YES;
				CODE_SIGN_STYLE = Automatic;
				DEVELOPMENT_TEAM = CP42424Z9Z;
				INFOPLIST_FILE = GymAppUITests/Info.plist;
				LD_RUNPATH_SEARCH_PATHS = (
					"$(inherited)",
					"@executable_path/Frameworks",
					"@loader_path/Frameworks",
				);
				PRODUCT_BUNDLE_IDENTIFIER = br.com.rollo.rafael.GymAppUITests;
				PRODUCT_NAME = "$(TARGET_NAME)";
				SWIFT_VERSION = 5.0;
				TARGETED_DEVICE_FAMILY = "1,2";
				TEST_TARGET_NAME = GymApp;
			};
			name = Release;
		};
/* End XCBuildConfiguration section */

/* Begin XCConfigurationList section */
		58AB9B65273C4CD7005445F3 /* Build configuration list for PBXProject "GymApp" */ = {
			isa = XCConfigurationList;
			buildConfigurations = (
				58AB9B92273C4CDC005445F3 /* Debug */,
				58AB9B93273C4CDC005445F3 /* Release */,
			);
			defaultConfigurationIsVisible = 0;
			defaultConfigurationName = Release;
		};
		58AB9B94273C4CDC005445F3 /* Build configuration list for PBXNativeTarget "GymApp" */ = {
			isa = XCConfigurationList;
			buildConfigurations = (
				58AB9B95273C4CDC005445F3 /* Debug */,
				58AB9B96273C4CDC005445F3 /* Release */,
			);
			defaultConfigurationIsVisible = 0;
			defaultConfigurationName = Release;
		};
		58AB9B97273C4CDC005445F3 /* Build configuration list for PBXNativeTarget "GymAppTests" */ = {
			isa = XCConfigurationList;
			buildConfigurations = (
				58AB9B98273C4CDC005445F3 /* Debug */,
				58AB9B99273C4CDC005445F3 /* Release */,
			);
			defaultConfigurationIsVisible = 0;
			defaultConfigurationName = Release;
		};
		58AB9B9A273C4CDC005445F3 /* Build configuration list for PBXNativeTarget "GymAppUITests" */ = {
			isa = XCConfigurationList;
			buildConfigurations = (
				58AB9B9B273C4CDC005445F3 /* Debug */,
				58AB9B9C273C4CDC005445F3 /* Release */,
			);
			defaultConfigurationIsVisible = 0;
			defaultConfigurationName = Release;
		};
/* End XCConfigurationList section */
	};
	rootObject = 58AB9B62273C4CD7005445F3 /* Project object */;
}
